
Microsoft Visual Studio Solution File, Format Version 12.00
# Visual Studio Version 16
VisualStudioVersion = 16.0.29519.181
MinimumVisualStudioVersion = 10.0.40219.1
Project("{FAE04EC0-301F-11D3-BF4B-00C04F79EFBC}") = "Indeed.Test.Web", "Indeed.Test.Web\Indeed.Test.Web.csproj", "{CFB8E25B-1811-4F76-B4BA-EB4B5D395869}"
EndProject
Project("{2150E333-8FDC-42A3-9474-1A3956D46DE8}") = "Libraries", "Libraries", "{4817DCA4-C8B5-43B6-AE74-17EC2AC44C38}"
EndProject
Project("{FAE04EC0-301F-11D3-BF4B-00C04F79EFBC}") = "Indeed.Test.Models", "Indeed.Test.Models\Indeed.Test.Models.csproj", "{89427888-FA4F-4413-9703-D411E9EE4BC5}"
EndProject
Project("{FAE04EC0-301F-11D3-BF4B-00C04F79EFBC}") = "Indeed.Test.DataAccess", "Indeed.Test.DataAccess\Indeed.Test.DataAccess.csproj", "{1CBBD1EF-4CD8-4557-A816-7FC0A5CCFFB4}"
EndProject
Global
	GlobalSection(SolutionConfigurationPlatforms) = preSolution
		Debug|Any CPU = Debug|Any CPU
		Release|Any CPU = Release|Any CPU
	EndGlobalSection
	GlobalSection(ProjectConfigurationPlatforms) = postSolution
		{CFB8E25B-1811-4F76-B4BA-EB4B5D395869}.Debug|Any CPU.ActiveCfg = Debug|Any CPU
		{CFB8E25B-1811-4F76-B4BA-EB4B5D395869}.Debug|Any CPU.Build.0 = Debug|Any CPU
		{CFB8E25B-1811-4F76-B4BA-EB4B5D395869}.Release|Any CPU.ActiveCfg = Release|Any CPU
		{CFB8E25B-1811-4F76-B4BA-EB4B5D395869}.Release|Any CPU.Build.0 = Release|Any CPU
		{89427888-FA4F-4413-9703-D411E9EE4BC5}.Debug|Any CPU.ActiveCfg = Debug|Any CPU
		{89427888-FA4F-4413-9703-D411E9EE4BC5}.Debug|Any CPU.Build.0 = Debug|Any CPU
		{89427888-FA4F-4413-9703-D411E9EE4BC5}.Release|Any CPU.ActiveCfg = Release|Any CPU
		{89427888-FA4F-4413-9703-D411E9EE4BC5}.Release|Any CPU.Build.0 = Release|Any CPU
		{1CBBD1EF-4CD8-4557-A816-7FC0A5CCFFB4}.Debug|Any CPU.ActiveCfg = Debug|Any CPU
		{1CBBD1EF-4CD8-4557-A816-7FC0A5CCFFB4}.Debug|Any CPU.Build.0 = Debug|Any CPU
		{1CBBD1EF-4CD8-4557-A816-7FC0A5CCFFB4}.Release|Any CPU.ActiveCfg = Release|Any CPU
		{1CBBD1EF-4CD8-4557-A816-7FC0A5CCFFB4}.Release|Any CPU.Build.0 = Release|Any CPU
	EndGlobalSection
	GlobalSection(SolutionProperties) = preSolution
		HideSolutionNode = FALSE
	EndGlobalSection
	GlobalSection(NestedProjects) = preSolution
		{89427888-FA4F-4413-9703-D411E9EE4BC5} = {4817DCA4-C8B5-43B6-AE74-17EC2AC44C38}
		{1CBBD1EF-4CD8-4557-A816-7FC0A5CCFFB4} = {4817DCA4-C8B5-43B6-AE74-17EC2AC44C38}
	EndGlobalSection
	GlobalSection(ExtensibilityGlobals) = postSolution
		SolutionGuid = {3ECFACE3-8623-47AF-AF5C-B366541EC789}
	EndGlobalSection
EndGlobal
